
Microsoft Visual Studio Solution File, Format Version 12.00
Project("{FAE04EC0-301F-11D3-BF4B-00C04F79EFBC}") = "TvMazeScrapperDP.Api", "src\TvMazeScrapperDP.Api\TvMazeScrapperDP.Api.csproj", "{3FFFAF79-71EA-4EE9-B7DA-2BCDA5EA1AE3}"
EndProject
Project("{FAE04EC0-301F-11D3-BF4B-00C04F79EFBC}") = "TvMaze.Client", "src\TvMaze.Client\TvMaze.Client.csproj", "{46FAAE95-56BF-4B92-886D-88C6013CA7EA}"
EndProject
Project("{FAE04EC0-301F-11D3-BF4B-00C04F79EFBC}") = "TvMazeScrapperDp.Core", "src\TvMazeScrapperDp.Core\TvMazeScrapperDp.Core.csproj", "{868E7250-92C5-49BE-A810-9E40CACF22C2}"
EndProject
Project("{FAE04EC0-301F-11D3-BF4B-00C04F79EFBC}") = "TvMazeScrapperDP.Persistance.MongoDb", "src\TvMazeScrapperDP.Persistance.MongoDb\TvMazeScrapperDP.Persistance.MongoDb.csproj", "{E523BE2F-6D24-4060-8689-3C357AF7C006}"
EndProject
Project("{2150E333-8FDC-42A3-9474-1A3956D46DE8}") = "tests", "tests", "{8DB4D241-0CE3-4A92-AE1C-3D78697A4BAE}"
EndProject
Project("{2150E333-8FDC-42A3-9474-1A3956D46DE8}") = "src", "src", "{34557B42-B914-40E9-88C8-5D1CBA63E784}"
EndProject
Project("{2150E333-8FDC-42A3-9474-1A3956D46DE8}") = "unit", "unit", "{48F14FA5-4468-480D-89B1-0178B6B740B6}"
EndProject
Project("{FAE04EC0-301F-11D3-BF4B-00C04F79EFBC}") = "TvMazeScrapperDP.Core.Tests", "tests\TvMazeScrapperDP.Core.Tests\TvMazeScrapperDP.Core.Tests.csproj", "{4F831CB6-1BFF-4EA6-B7BD-D7E55CA367CE}"
EndProject
Project("{FAE04EC0-301F-11D3-BF4B-00C04F79EFBC}") = "TvMazeScrapperDP.Persistance.MongoDb.Tests", "tests\TvMazeScrapperDP.Persistance.MongoDb.Tests\TvMazeScrapperDP.Persistance.MongoDb.Tests.csproj", "{E3E69F42-82F0-42EA-984D-C205C99C3387}"
EndProject
Project("{FAE04EC0-301F-11D3-BF4B-00C04F79EFBC}") = "TvMazeScrapperDP.Api.Tests", "tests\TvMazeScrapperDP.Api.Tests\TvMazeScrapperDP.Api.Tests.csproj", "{E182EB93-C142-4527-87EB-F8CAC9F6393A}"
EndProject
Global
	GlobalSection(SolutionConfigurationPlatforms) = preSolution
		Debug|Any CPU = Debug|Any CPU
		Release|Any CPU = Release|Any CPU
	EndGlobalSection
	GlobalSection(ProjectConfigurationPlatforms) = postSolution
		{6213E20E-6BF9-4DCA-A3D9-8913B2CE692C}.Debug|Any CPU.ActiveCfg = Debug|Any CPU
		{6213E20E-6BF9-4DCA-A3D9-8913B2CE692C}.Debug|Any CPU.Build.0 = Debug|Any CPU
		{6213E20E-6BF9-4DCA-A3D9-8913B2CE692C}.Release|Any CPU.ActiveCfg = Release|Any CPU
		{6213E20E-6BF9-4DCA-A3D9-8913B2CE692C}.Release|Any CPU.Build.0 = Release|Any CPU
		{307AA165-FC87-476B-956F-626CC8037CD6}.Debug|Any CPU.ActiveCfg = Debug|Any CPU
		{307AA165-FC87-476B-956F-626CC8037CD6}.Debug|Any CPU.Build.0 = Debug|Any CPU
		{307AA165-FC87-476B-956F-626CC8037CD6}.Release|Any CPU.ActiveCfg = Release|Any CPU
		{307AA165-FC87-476B-956F-626CC8037CD6}.Release|Any CPU.Build.0 = Release|Any CPU
		{3FFFAF79-71EA-4EE9-B7DA-2BCDA5EA1AE3}.Debug|Any CPU.ActiveCfg = Debug|Any CPU
		{3FFFAF79-71EA-4EE9-B7DA-2BCDA5EA1AE3}.Debug|Any CPU.Build.0 = Debug|Any CPU
		{3FFFAF79-71EA-4EE9-B7DA-2BCDA5EA1AE3}.Release|Any CPU.ActiveCfg = Release|Any CPU
		{3FFFAF79-71EA-4EE9-B7DA-2BCDA5EA1AE3}.Release|Any CPU.Build.0 = Release|Any CPU
		{46FAAE95-56BF-4B92-886D-88C6013CA7EA}.Debug|Any CPU.ActiveCfg = Debug|Any CPU
		{46FAAE95-56BF-4B92-886D-88C6013CA7EA}.Debug|Any CPU.Build.0 = Debug|Any CPU
		{46FAAE95-56BF-4B92-886D-88C6013CA7EA}.Release|Any CPU.ActiveCfg = Release|Any CPU
		{46FAAE95-56BF-4B92-886D-88C6013CA7EA}.Release|Any CPU.Build.0 = Release|Any CPU
		{868E7250-92C5-49BE-A810-9E40CACF22C2}.Debug|Any CPU.ActiveCfg = Debug|Any CPU
		{868E7250-92C5-49BE-A810-9E40CACF22C2}.Debug|Any CPU.Build.0 = Debug|Any CPU
		{868E7250-92C5-49BE-A810-9E40CACF22C2}.Release|Any CPU.ActiveCfg = Release|Any CPU
		{868E7250-92C5-49BE-A810-9E40CACF22C2}.Release|Any CPU.Build.0 = Release|Any CPU
		{E523BE2F-6D24-4060-8689-3C357AF7C006}.Debug|Any CPU.ActiveCfg = Debug|Any CPU
		{E523BE2F-6D24-4060-8689-3C357AF7C006}.Debug|Any CPU.Build.0 = Debug|Any CPU
		{E523BE2F-6D24-4060-8689-3C357AF7C006}.Release|Any CPU.ActiveCfg = Release|Any CPU
		{E523BE2F-6D24-4060-8689-3C357AF7C006}.Release|Any CPU.Build.0 = Release|Any CPU
		{4F831CB6-1BFF-4EA6-B7BD-D7E55CA367CE}.Debug|Any CPU.ActiveCfg = Debug|Any CPU
		{4F831CB6-1BFF-4EA6-B7BD-D7E55CA367CE}.Debug|Any CPU.Build.0 = Debug|Any CPU
		{4F831CB6-1BFF-4EA6-B7BD-D7E55CA367CE}.Release|Any CPU.ActiveCfg = Release|Any CPU
		{4F831CB6-1BFF-4EA6-B7BD-D7E55CA367CE}.Release|Any CPU.Build.0 = Release|Any CPU
		{B2A40D28-59DE-4C4F-9A1D-52AF389C9822}.Debug|Any CPU.ActiveCfg = Debug|Any CPU
		{B2A40D28-59DE-4C4F-9A1D-52AF389C9822}.Debug|Any CPU.Build.0 = Debug|Any CPU
		{B2A40D28-59DE-4C4F-9A1D-52AF389C9822}.Release|Any CPU.ActiveCfg = Release|Any CPU
		{B2A40D28-59DE-4C4F-9A1D-52AF389C9822}.Release|Any CPU.Build.0 = Release|Any CPU
		{E3E69F42-82F0-42EA-984D-C205C99C3387}.Debug|Any CPU.ActiveCfg = Debug|Any CPU
		{E3E69F42-82F0-42EA-984D-C205C99C3387}.Debug|Any CPU.Build.0 = Debug|Any CPU
		{E3E69F42-82F0-42EA-984D-C205C99C3387}.Release|Any CPU.ActiveCfg = Release|Any CPU
		{E3E69F42-82F0-42EA-984D-C205C99C3387}.Release|Any CPU.Build.0 = Release|Any CPU
		{E182EB93-C142-4527-87EB-F8CAC9F6393A}.Debug|Any CPU.ActiveCfg = Debug|Any CPU
		{E182EB93-C142-4527-87EB-F8CAC9F6393A}.Debug|Any CPU.Build.0 = Debug|Any CPU
		{E182EB93-C142-4527-87EB-F8CAC9F6393A}.Release|Any CPU.ActiveCfg = Release|Any CPU
		{E182EB93-C142-4527-87EB-F8CAC9F6393A}.Release|Any CPU.Build.0 = Release|Any CPU
	EndGlobalSection
	GlobalSection(NestedProjects) = preSolution
		{46FAAE95-56BF-4B92-886D-88C6013CA7EA} = {34557B42-B914-40E9-88C8-5D1CBA63E784}
		{3FFFAF79-71EA-4EE9-B7DA-2BCDA5EA1AE3} = {34557B42-B914-40E9-88C8-5D1CBA63E784}
		{868E7250-92C5-49BE-A810-9E40CACF22C2} = {34557B42-B914-40E9-88C8-5D1CBA63E784}
		{E523BE2F-6D24-4060-8689-3C357AF7C006} = {34557B42-B914-40E9-88C8-5D1CBA63E784}
		{48F14FA5-4468-480D-89B1-0178B6B740B6} = {8DB4D241-0CE3-4A92-AE1C-3D78697A4BAE}
		{4F831CB6-1BFF-4EA6-B7BD-D7E55CA367CE} = {48F14FA5-4468-480D-89B1-0178B6B740B6}
		{B2A40D28-59DE-4C4F-9A1D-52AF389C9822} = {48F14FA5-4468-480D-89B1-0178B6B740B6}
		{E3E69F42-82F0-42EA-984D-C205C99C3387} = {48F14FA5-4468-480D-89B1-0178B6B740B6}
		{E182EB93-C142-4527-87EB-F8CAC9F6393A} = {48F14FA5-4468-480D-89B1-0178B6B740B6}
	EndGlobalSection
EndGlobal
